
Microsoft Visual Studio Solution File, Format Version 12.00
# Visual Studio Version 17
VisualStudioVersion = 17.8.34322.80
MinimumVisualStudioVersion = 10.0.40219.1
Project("{2150E333-8FDC-42A3-9474-1A3956D46DE8}") = "Core", "Core", "{FFE8C0CE-C73F-43F7-9CAA-F3816B465FBA}"
EndProject
Project("{2150E333-8FDC-42A3-9474-1A3956D46DE8}") = "Infrastructure", "Infrastructure", "{39DAE5E4-0888-4DE0-B439-786F1465D0DA}"
EndProject
Project("{2150E333-8FDC-42A3-9474-1A3956D46DE8}") = "Presentation", "Presentation", "{2A94F076-435A-4564-AB46-76102720E601}"
EndProject
Project("{9A19103F-16F7-4668-BE54-9A1E7A4F7556}") = "ErpApp.Application", "ErpApp.Application\ErpApp.Application.csproj", "{9DD4F227-974B-483A-868E-D225A9866A20}"
EndProject
Project("{9A19103F-16F7-4668-BE54-9A1E7A4F7556}") = "ErpApp.Domain", "ErpApp.Domain\ErpApp.Domain.csproj", "{28821F01-FAE9-43A8-BED7-948E52ECBA35}"
EndProject
Project("{9A19103F-16F7-4668-BE54-9A1E7A4F7556}") = "ErpApp.Infrastructure", "ErpApp.Infrastructure\ErpApp.Infrastructure.csproj", "{7BE04AD9-3AD2-4A93-BA00-60C389E74E37}"
EndProject
Project("{9A19103F-16F7-4668-BE54-9A1E7A4F7556}") = "ErpApp.Persistance", "ErpApp.Persistance\ErpApp.Persistance.csproj", "{FE49C1E8-BAF4-40DA-8712-68EA0CCC0554}"
EndProject
Project("{9A19103F-16F7-4668-BE54-9A1E7A4F7556}") = "ErpApi", "ErpApi\ErpApi.csproj", "{51E3FF13-601A-4D83-BC5A-EF58E1C92768}"
EndProject
Project("{2150E333-8FDC-42A3-9474-1A3956D46DE8}") = "Solution Items", "Solution Items", "{E632CA2B-6249-4FA8-8941-DC3B6FF29DE2}"
	ProjectSection(SolutionItems) = preProject
		.editorconfig = .editorconfig
	EndProjectSection
EndProject
Project("{2150E333-8FDC-42A3-9474-1A3956D46DE8}") = "CustomerService", "CustomerService", "{0401CED2-A566-4E59-94C9-A8FE00D773C4}"
EndProject
Project("{9A19103F-16F7-4668-BE54-9A1E7A4F7556}") = "CustomerService.Api", "CustomerService.Api\CustomerService.Api.csproj", "{326D35AB-F6CC-4399-A7CD-39EFEB6E8595}"
EndProject
Project("{2150E333-8FDC-42A3-9474-1A3956D46DE8}") = "ProductService", "ProductService", "{29EE6906-07F4-4C6C-8A83-7C31793AFCF7}"
EndProject
Project("{9A19103F-16F7-4668-BE54-9A1E7A4F7556}") = "ProductService.Api", "ProductService.Api\ProductService.Api.csproj", "{6EFB1622-30D5-4B09-88EC-C1E7B19EBFBA}"
EndProject
Project("{2150E333-8FDC-42A3-9474-1A3956D46DE8}") = "OrderService", "OrderService", "{DBFC8EB0-800A-40BC-8310-E116C1F13FBC}"
EndProject
Project("{9A19103F-16F7-4668-BE54-9A1E7A4F7556}") = "OrderService", "OrderService\OrderService.csproj", "{839DF64B-62D7-44FE-B1AC-7524EFBF0C32}"
EndProject
Project("{2150E333-8FDC-42A3-9474-1A3956D46DE8}") = "Gateway", "Gateway", "{CB4EACB3-3C0D-44B2-9151-6EC57C5C9A34}"
EndProject
Project("{FAE04EC0-301F-11D3-BF4B-00C04F79EFBC}") = "Gateway.Api", "Gateway.Api\Gateway.Api.csproj", "{A6CDE1A1-11C4-40A9-B65F-16627EF0AA2B}"
EndProject
Global
	GlobalSection(SolutionConfigurationPlatforms) = preSolution
		Debug|Any CPU = Debug|Any CPU
		Release|Any CPU = Release|Any CPU
	EndGlobalSection
	GlobalSection(ProjectConfigurationPlatforms) = postSolution
		{9DD4F227-974B-483A-868E-D225A9866A20}.Debug|Any CPU.ActiveCfg = Debug|Any CPU
		{9DD4F227-974B-483A-868E-D225A9866A20}.Debug|Any CPU.Build.0 = Debug|Any CPU
		{9DD4F227-974B-483A-868E-D225A9866A20}.Release|Any CPU.ActiveCfg = Release|Any CPU
		{9DD4F227-974B-483A-868E-D225A9866A20}.Release|Any CPU.Build.0 = Release|Any CPU
		{28821F01-FAE9-43A8-BED7-948E52ECBA35}.Debug|Any CPU.ActiveCfg = Debug|Any CPU
		{28821F01-FAE9-43A8-BED7-948E52ECBA35}.Debug|Any CPU.Build.0 = Debug|Any CPU
		{28821F01-FAE9-43A8-BED7-948E52ECBA35}.Release|Any CPU.ActiveCfg = Release|Any CPU
		{28821F01-FAE9-43A8-BED7-948E52ECBA35}.Release|Any CPU.Build.0 = Release|Any CPU
		{7BE04AD9-3AD2-4A93-BA00-60C389E74E37}.Debug|Any CPU.ActiveCfg = Debug|Any CPU
		{7BE04AD9-3AD2-4A93-BA00-60C389E74E37}.Debug|Any CPU.Build.0 = Debug|Any CPU
		{7BE04AD9-3AD2-4A93-BA00-60C389E74E37}.Release|Any CPU.ActiveCfg = Release|Any CPU
		{7BE04AD9-3AD2-4A93-BA00-60C389E74E37}.Release|Any CPU.Build.0 = Release|Any CPU
		{FE49C1E8-BAF4-40DA-8712-68EA0CCC0554}.Debug|Any CPU.ActiveCfg = Debug|Any CPU
		{FE49C1E8-BAF4-40DA-8712-68EA0CCC0554}.Debug|Any CPU.Build.0 = Debug|Any CPU
		{FE49C1E8-BAF4-40DA-8712-68EA0CCC0554}.Release|Any CPU.ActiveCfg = Release|Any CPU
		{FE49C1E8-BAF4-40DA-8712-68EA0CCC0554}.Release|Any CPU.Build.0 = Release|Any CPU
		{51E3FF13-601A-4D83-BC5A-EF58E1C92768}.Debug|Any CPU.ActiveCfg = Debug|Any CPU
		{51E3FF13-601A-4D83-BC5A-EF58E1C92768}.Debug|Any CPU.Build.0 = Debug|Any CPU
		{51E3FF13-601A-4D83-BC5A-EF58E1C92768}.Release|Any CPU.ActiveCfg = Release|Any CPU
		{51E3FF13-601A-4D83-BC5A-EF58E1C92768}.Release|Any CPU.Build.0 = Release|Any CPU
		{326D35AB-F6CC-4399-A7CD-39EFEB6E8595}.Debug|Any CPU.ActiveCfg = Debug|Any CPU
		{326D35AB-F6CC-4399-A7CD-39EFEB6E8595}.Debug|Any CPU.Build.0 = Debug|Any CPU
		{326D35AB-F6CC-4399-A7CD-39EFEB6E8595}.Release|Any CPU.ActiveCfg = Release|Any CPU
		{326D35AB-F6CC-4399-A7CD-39EFEB6E8595}.Release|Any CPU.Build.0 = Release|Any CPU
		{6EFB1622-30D5-4B09-88EC-C1E7B19EBFBA}.Debug|Any CPU.ActiveCfg = Debug|Any CPU
		{6EFB1622-30D5-4B09-88EC-C1E7B19EBFBA}.Debug|Any CPU.Build.0 = Debug|Any CPU
		{6EFB1622-30D5-4B09-88EC-C1E7B19EBFBA}.Release|Any CPU.ActiveCfg = Release|Any CPU
		{6EFB1622-30D5-4B09-88EC-C1E7B19EBFBA}.Release|Any CPU.Build.0 = Release|Any CPU
		{839DF64B-62D7-44FE-B1AC-7524EFBF0C32}.Debug|Any CPU.ActiveCfg = Debug|Any CPU
		{839DF64B-62D7-44FE-B1AC-7524EFBF0C32}.Debug|Any CPU.Build.0 = Debug|Any CPU
		{839DF64B-62D7-44FE-B1AC-7524EFBF0C32}.Release|Any CPU.ActiveCfg = Release|Any CPU
		{839DF64B-62D7-44FE-B1AC-7524EFBF0C32}.Release|Any CPU.Build.0 = Release|Any CPU
		{A6CDE1A1-11C4-40A9-B65F-16627EF0AA2B}.Debug|Any CPU.ActiveCfg = Debug|Any CPU
		{A6CDE1A1-11C4-40A9-B65F-16627EF0AA2B}.Debug|Any CPU.Build.0 = Debug|Any CPU
		{A6CDE1A1-11C4-40A9-B65F-16627EF0AA2B}.Release|Any CPU.ActiveCfg = Release|Any CPU
		{A6CDE1A1-11C4-40A9-B65F-16627EF0AA2B}.Release|Any CPU.Build.0 = Release|Any CPU
	EndGlobalSection
	GlobalSection(SolutionProperties) = preSolution
		HideSolutionNode = FALSE
	EndGlobalSection
	GlobalSection(NestedProjects) = preSolution
		{9DD4F227-974B-483A-868E-D225A9866A20} = {FFE8C0CE-C73F-43F7-9CAA-F3816B465FBA}
		{28821F01-FAE9-43A8-BED7-948E52ECBA35} = {FFE8C0CE-C73F-43F7-9CAA-F3816B465FBA}
		{7BE04AD9-3AD2-4A93-BA00-60C389E74E37} = {39DAE5E4-0888-4DE0-B439-786F1465D0DA}
		{FE49C1E8-BAF4-40DA-8712-68EA0CCC0554} = {39DAE5E4-0888-4DE0-B439-786F1465D0DA}
		{51E3FF13-601A-4D83-BC5A-EF58E1C92768} = {2A94F076-435A-4564-AB46-76102720E601}
		{326D35AB-F6CC-4399-A7CD-39EFEB6E8595} = {0401CED2-A566-4E59-94C9-A8FE00D773C4}
		{6EFB1622-30D5-4B09-88EC-C1E7B19EBFBA} = {29EE6906-07F4-4C6C-8A83-7C31793AFCF7}
		{839DF64B-62D7-44FE-B1AC-7524EFBF0C32} = {DBFC8EB0-800A-40BC-8310-E116C1F13FBC}
		{A6CDE1A1-11C4-40A9-B65F-16627EF0AA2B} = {CB4EACB3-3C0D-44B2-9151-6EC57C5C9A34}
	EndGlobalSection
	GlobalSection(ExtensibilityGlobals) = postSolution
		SolutionGuid = {F834DB6A-56BC-4EEE-842C-61F554618ED0}
	EndGlobalSection
EndGlobal
